
Microsoft Visual Studio Solution File, Format Version 12.00
# Visual Studio 15
VisualStudioVersion = 15.0.26124.0
MinimumVisualStudioVersion = 15.0.26124.0
Project("{FAE04EC0-301F-11D3-BF4B-00C04F79EFBC}") = "application", "Api.Application\application.csproj", "{AC69AAE2-AAD9-4064-964B-9D2761AA5850}"
EndProject
Project("{FAE04EC0-301F-11D3-BF4B-00C04F79EFBC}") = "Domain", "Api.Domain\Domain.csproj", "{FBA95B02-8857-46DD-934E-82F37C3969E9}"
EndProject
Project("{FAE04EC0-301F-11D3-BF4B-00C04F79EFBC}") = "CrossCutting", "Api.CrossCutting\CrossCutting.csproj", "{59302F2C-25BD-4105-80FA-95B8E2010B9C}"
EndProject
Project("{FAE04EC0-301F-11D3-BF4B-00C04F79EFBC}") = "Data", "Api.Data\Data.csproj", "{B2948B41-B9EC-4640-B5C2-CDCE6A8D1FC5}"
EndProject
Project("{FAE04EC0-301F-11D3-BF4B-00C04F79EFBC}") = "Service", "Api.Service\Service.csproj", "{E630D15D-44A8-4D20-81B6-AF8CC5DF8D18}"
EndProject
Project("{FAE04EC0-301F-11D3-BF4B-00C04F79EFBC}") = "Api.Data.Test", "Api.Data.Test\Api.Data.Test.csproj", "{05C04DF6-92D4-49CF-9089-686987CA748D}"
EndProject
Project("{FAE04EC0-301F-11D3-BF4B-00C04F79EFBC}") = "Service.Test", "Api.Service.Test\Service.Test.csproj", "{4374A715-9A1C-41D6-B02D-2ED6583329CA}"
EndProject
Project("{FAE04EC0-301F-11D3-BF4B-00C04F79EFBC}") = "Api.Application.Test", "Api.Application.Test\Api.Application.Test.csproj", "{B487A012-B455-473E-AC7A-E04CDA0D731B}"
EndProject
Project("{FAE04EC0-301F-11D3-BF4B-00C04F79EFBC}") = "Api.Integration.Test", "Api.Integration.Test\Api.Integration.Test.csproj", "{B6C079DE-41F1-43EC-BF1D-1F8B348C24BD}"
EndProject
Global
	GlobalSection(SolutionConfigurationPlatforms) = preSolution
		Debug|Any CPU = Debug|Any CPU
		Debug|x64 = Debug|x64
		Debug|x86 = Debug|x86
		Release|Any CPU = Release|Any CPU
		Release|x64 = Release|x64
		Release|x86 = Release|x86
	EndGlobalSection
	GlobalSection(SolutionProperties) = preSolution
		HideSolutionNode = FALSE
	EndGlobalSection
	GlobalSection(ProjectConfigurationPlatforms) = postSolution
		{AC69AAE2-AAD9-4064-964B-9D2761AA5850}.Debug|Any CPU.ActiveCfg = Debug|Any CPU
		{AC69AAE2-AAD9-4064-964B-9D2761AA5850}.Debug|Any CPU.Build.0 = Debug|Any CPU
		{AC69AAE2-AAD9-4064-964B-9D2761AA5850}.Debug|x64.ActiveCfg = Debug|Any CPU
		{AC69AAE2-AAD9-4064-964B-9D2761AA5850}.Debug|x64.Build.0 = Debug|Any CPU
		{AC69AAE2-AAD9-4064-964B-9D2761AA5850}.Debug|x86.ActiveCfg = Debug|Any CPU
		{AC69AAE2-AAD9-4064-964B-9D2761AA5850}.Debug|x86.Build.0 = Debug|Any CPU
		{AC69AAE2-AAD9-4064-964B-9D2761AA5850}.Release|Any CPU.ActiveCfg = Release|Any CPU
		{AC69AAE2-AAD9-4064-964B-9D2761AA5850}.Release|Any CPU.Build.0 = Release|Any CPU
		{AC69AAE2-AAD9-4064-964B-9D2761AA5850}.Release|x64.ActiveCfg = Release|Any CPU
		{AC69AAE2-AAD9-4064-964B-9D2761AA5850}.Release|x64.Build.0 = Release|Any CPU
		{AC69AAE2-AAD9-4064-964B-9D2761AA5850}.Release|x86.ActiveCfg = Release|Any CPU
		{AC69AAE2-AAD9-4064-964B-9D2761AA5850}.Release|x86.Build.0 = Release|Any CPU
		{FBA95B02-8857-46DD-934E-82F37C3969E9}.Debug|Any CPU.ActiveCfg = Debug|Any CPU
		{FBA95B02-8857-46DD-934E-82F37C3969E9}.Debug|Any CPU.Build.0 = Debug|Any CPU
		{FBA95B02-8857-46DD-934E-82F37C3969E9}.Debug|x64.ActiveCfg = Debug|Any CPU
		{FBA95B02-8857-46DD-934E-82F37C3969E9}.Debug|x64.Build.0 = Debug|Any CPU
		{FBA95B02-8857-46DD-934E-82F37C3969E9}.Debug|x86.ActiveCfg = Debug|Any CPU
		{FBA95B02-8857-46DD-934E-82F37C3969E9}.Debug|x86.Build.0 = Debug|Any CPU
		{FBA95B02-8857-46DD-934E-82F37C3969E9}.Release|Any CPU.ActiveCfg = Release|Any CPU
		{FBA95B02-8857-46DD-934E-82F37C3969E9}.Release|Any CPU.Build.0 = Release|Any CPU
		{FBA95B02-8857-46DD-934E-82F37C3969E9}.Release|x64.ActiveCfg = Release|Any CPU
		{FBA95B02-8857-46DD-934E-82F37C3969E9}.Release|x64.Build.0 = Release|Any CPU
		{FBA95B02-8857-46DD-934E-82F37C3969E9}.Release|x86.ActiveCfg = Release|Any CPU
		{FBA95B02-8857-46DD-934E-82F37C3969E9}.Release|x86.Build.0 = Release|Any CPU
		{59302F2C-25BD-4105-80FA-95B8E2010B9C}.Debug|Any CPU.ActiveCfg = Debug|Any CPU
		{59302F2C-25BD-4105-80FA-95B8E2010B9C}.Debug|Any CPU.Build.0 = Debug|Any CPU
		{59302F2C-25BD-4105-80FA-95B8E2010B9C}.Debug|x64.ActiveCfg = Debug|Any CPU
		{59302F2C-25BD-4105-80FA-95B8E2010B9C}.Debug|x64.Build.0 = Debug|Any CPU
		{59302F2C-25BD-4105-80FA-95B8E2010B9C}.Debug|x86.ActiveCfg = Debug|Any CPU
		{59302F2C-25BD-4105-80FA-95B8E2010B9C}.Debug|x86.Build.0 = Debug|Any CPU
		{59302F2C-25BD-4105-80FA-95B8E2010B9C}.Release|Any CPU.ActiveCfg = Release|Any CPU
		{59302F2C-25BD-4105-80FA-95B8E2010B9C}.Release|Any CPU.Build.0 = Release|Any CPU
		{59302F2C-25BD-4105-80FA-95B8E2010B9C}.Release|x64.ActiveCfg = Release|Any CPU
		{59302F2C-25BD-4105-80FA-95B8E2010B9C}.Release|x64.Build.0 = Release|Any CPU
		{59302F2C-25BD-4105-80FA-95B8E2010B9C}.Release|x86.ActiveCfg = Release|Any CPU
		{59302F2C-25BD-4105-80FA-95B8E2010B9C}.Release|x86.Build.0 = Release|Any CPU
		{B2948B41-B9EC-4640-B5C2-CDCE6A8D1FC5}.Debug|Any CPU.ActiveCfg = Debug|Any CPU
		{B2948B41-B9EC-4640-B5C2-CDCE6A8D1FC5}.Debug|Any CPU.Build.0 = Debug|Any CPU
		{B2948B41-B9EC-4640-B5C2-CDCE6A8D1FC5}.Debug|x64.ActiveCfg = Debug|Any CPU
		{B2948B41-B9EC-4640-B5C2-CDCE6A8D1FC5}.Debug|x64.Build.0 = Debug|Any CPU
		{B2948B41-B9EC-4640-B5C2-CDCE6A8D1FC5}.Debug|x86.ActiveCfg = Debug|Any CPU
		{B2948B41-B9EC-4640-B5C2-CDCE6A8D1FC5}.Debug|x86.Build.0 = Debug|Any CPU
		{B2948B41-B9EC-4640-B5C2-CDCE6A8D1FC5}.Release|Any CPU.ActiveCfg = Release|Any CPU
		{B2948B41-B9EC-4640-B5C2-CDCE6A8D1FC5}.Release|Any CPU.Build.0 = Release|Any CPU
		{B2948B41-B9EC-4640-B5C2-CDCE6A8D1FC5}.Release|x64.ActiveCfg = Release|Any CPU
		{B2948B41-B9EC-4640-B5C2-CDCE6A8D1FC5}.Release|x64.Build.0 = Release|Any CPU
		{B2948B41-B9EC-4640-B5C2-CDCE6A8D1FC5}.Release|x86.ActiveCfg = Release|Any CPU
		{B2948B41-B9EC-4640-B5C2-CDCE6A8D1FC5}.Release|x86.Build.0 = Release|Any CPU
		{E630D15D-44A8-4D20-81B6-AF8CC5DF8D18}.Debug|Any CPU.ActiveCfg = Debug|Any CPU
		{E630D15D-44A8-4D20-81B6-AF8CC5DF8D18}.Debug|Any CPU.Build.0 = Debug|Any CPU
		{E630D15D-44A8-4D20-81B6-AF8CC5DF8D18}.Debug|x64.ActiveCfg = Debug|Any CPU
		{E630D15D-44A8-4D20-81B6-AF8CC5DF8D18}.Debug|x64.Build.0 = Debug|Any CPU
		{E630D15D-44A8-4D20-81B6-AF8CC5DF8D18}.Debug|x86.ActiveCfg = Debug|Any CPU
		{E630D15D-44A8-4D20-81B6-AF8CC5DF8D18}.Debug|x86.Build.0 = Debug|Any CPU
		{E630D15D-44A8-4D20-81B6-AF8CC5DF8D18}.Release|Any CPU.ActiveCfg = Release|Any CPU
		{E630D15D-44A8-4D20-81B6-AF8CC5DF8D18}.Release|Any CPU.Build.0 = Release|Any CPU
		{E630D15D-44A8-4D20-81B6-AF8CC5DF8D18}.Release|x64.ActiveCfg = Release|Any CPU
		{E630D15D-44A8-4D20-81B6-AF8CC5DF8D18}.Release|x64.Build.0 = Release|Any CPU
		{E630D15D-44A8-4D20-81B6-AF8CC5DF8D18}.Release|x86.ActiveCfg = Release|Any CPU
		{E630D15D-44A8-4D20-81B6-AF8CC5DF8D18}.Release|x86.Build.0 = Release|Any CPU
		{05C04DF6-92D4-49CF-9089-686987CA748D}.Debug|Any CPU.ActiveCfg = Debug|Any CPU
		{05C04DF6-92D4-49CF-9089-686987CA748D}.Debug|Any CPU.Build.0 = Debug|Any CPU
		{05C04DF6-92D4-49CF-9089-686987CA748D}.Debug|x64.ActiveCfg = Debug|Any CPU
		{05C04DF6-92D4-49CF-9089-686987CA748D}.Debug|x64.Build.0 = Debug|Any CPU
		{05C04DF6-92D4-49CF-9089-686987CA748D}.Debug|x86.ActiveCfg = Debug|Any CPU
		{05C04DF6-92D4-49CF-9089-686987CA748D}.Debug|x86.Build.0 = Debug|Any CPU
		{05C04DF6-92D4-49CF-9089-686987CA748D}.Release|Any CPU.ActiveCfg = Release|Any CPU
		{05C04DF6-92D4-49CF-9089-686987CA748D}.Release|Any CPU.Build.0 = Release|Any CPU
		{05C04DF6-92D4-49CF-9089-686987CA748D}.Release|x64.ActiveCfg = Release|Any CPU
		{05C04DF6-92D4-49CF-9089-686987CA748D}.Release|x64.Build.0 = Release|Any CPU
		{05C04DF6-92D4-49CF-9089-686987CA748D}.Release|x86.ActiveCfg = Release|Any CPU
		{05C04DF6-92D4-49CF-9089-686987CA748D}.Release|x86.Build.0 = Release|Any CPU
		{4374A715-9A1C-41D6-B02D-2ED6583329CA}.Debug|Any CPU.ActiveCfg = Debug|Any CPU
		{4374A715-9A1C-41D6-B02D-2ED6583329CA}.Debug|Any CPU.Build.0 = Debug|Any CPU
		{4374A715-9A1C-41D6-B02D-2ED6583329CA}.Debug|x64.ActiveCfg = Debug|Any CPU
		{4374A715-9A1C-41D6-B02D-2ED6583329CA}.Debug|x64.Build.0 = Debug|Any CPU
		{4374A715-9A1C-41D6-B02D-2ED6583329CA}.Debug|x86.ActiveCfg = Debug|Any CPU
		{4374A715-9A1C-41D6-B02D-2ED6583329CA}.Debug|x86.Build.0 = Debug|Any CPU
		{4374A715-9A1C-41D6-B02D-2ED6583329CA}.Release|Any CPU.ActiveCfg = Release|Any CPU
		{4374A715-9A1C-41D6-B02D-2ED6583329CA}.Release|Any CPU.Build.0 = Release|Any CPU
		{4374A715-9A1C-41D6-B02D-2ED6583329CA}.Release|x64.ActiveCfg = Release|Any CPU
		{4374A715-9A1C-41D6-B02D-2ED6583329CA}.Release|x64.Build.0 = Release|Any CPU
		{4374A715-9A1C-41D6-B02D-2ED6583329CA}.Release|x86.ActiveCfg = Release|Any CPU
		{4374A715-9A1C-41D6-B02D-2ED6583329CA}.Release|x86.Build.0 = Release|Any CPU
		{B487A012-B455-473E-AC7A-E04CDA0D731B}.Debug|Any CPU.ActiveCfg = Debug|Any CPU
		{B487A012-B455-473E-AC7A-E04CDA0D731B}.Debug|Any CPU.Build.0 = Debug|Any CPU
		{B487A012-B455-473E-AC7A-E04CDA0D731B}.Debug|x64.ActiveCfg = Debug|Any CPU
		{B487A012-B455-473E-AC7A-E04CDA0D731B}.Debug|x64.Build.0 = Debug|Any CPU
		{B487A012-B455-473E-AC7A-E04CDA0D731B}.Debug|x86.ActiveCfg = Debug|Any CPU
		{B487A012-B455-473E-AC7A-E04CDA0D731B}.Debug|x86.Build.0 = Debug|Any CPU
		{B487A012-B455-473E-AC7A-E04CDA0D731B}.Release|Any CPU.ActiveCfg = Release|Any CPU
		{B487A012-B455-473E-AC7A-E04CDA0D731B}.Release|Any CPU.Build.0 = Release|Any CPU
		{B487A012-B455-473E-AC7A-E04CDA0D731B}.Release|x64.ActiveCfg = Release|Any CPU
		{B487A012-B455-473E-AC7A-E04CDA0D731B}.Release|x64.Build.0 = Release|Any CPU
		{B487A012-B455-473E-AC7A-E04CDA0D731B}.Release|x86.ActiveCfg = Release|Any CPU
		{B487A012-B455-473E-AC7A-E04CDA0D731B}.Release|x86.Build.0 = Release|Any CPU
		{B6C079DE-41F1-43EC-BF1D-1F8B348C24BD}.Debug|Any CPU.ActiveCfg = Debug|Any CPU
		{B6C079DE-41F1-43EC-BF1D-1F8B348C24BD}.Debug|Any CPU.Build.0 = Debug|Any CPU
		{B6C079DE-41F1-43EC-BF1D-1F8B348C24BD}.Debug|x64.ActiveCfg = Debug|Any CPU
		{B6C079DE-41F1-43EC-BF1D-1F8B348C24BD}.Debug|x64.Build.0 = Debug|Any CPU
		{B6C079DE-41F1-43EC-BF1D-1F8B348C24BD}.Debug|x86.ActiveCfg = Debug|Any CPU
		{B6C079DE-41F1-43EC-BF1D-1F8B348C24BD}.Debug|x86.Build.0 = Debug|Any CPU
		{B6C079DE-41F1-43EC-BF1D-1F8B348C24BD}.Release|Any CPU.ActiveCfg = Release|Any CPU
		{B6C079DE-41F1-43EC-BF1D-1F8B348C24BD}.Release|Any CPU.Build.0 = Release|Any CPU
		{B6C079DE-41F1-43EC-BF1D-1F8B348C24BD}.Release|x64.ActiveCfg = Release|Any CPU
		{B6C079DE-41F1-43EC-BF1D-1F8B348C24BD}.Release|x64.Build.0 = Release|Any CPU
		{B6C079DE-41F1-43EC-BF1D-1F8B348C24BD}.Release|x86.ActiveCfg = Release|Any CPU
		{B6C079DE-41F1-43EC-BF1D-1F8B348C24BD}.Release|x86.Build.0 = Release|Any CPU
	EndGlobalSection
EndGlobal
